github.com/golang/protobuf v1.3.2 h1:6nsPYzhq5kReh6QImI3k5qWzO4PEbvbIW2cwSfR/6xs=
github.com/golang/protobuf v1.3.2/go.mod h1:6lQm79b+lXiMfvg/cZm0SGofjICqVBUtrP5yJMmIC1U=
github.com/google/logger v1.0.1 h1:Jtq7/44yDwUXMaLTYgXFC31zpm6Oku7OI/k4//yVANQ=
github.com/google/logger v1.0.1/go.mod h1:w7O8nrRr0xufejBlQMI83MXqRusvREoJdaAxV+CoAB4=
github.com/mr-panta/go-logger v0.1.0 h1:q1pZzEHDJx39wqcwTXuRFWEp7y3G9MKLE0PN0dcZXgM=
github.com/mr-panta/go-logger v0.1.0/go.mod h1:no6zubQjADjB0KyPPtEubDaNXkreMCrRHWL73PWDRr4=
github.com/mr-panta/go-logger v0.2.0 h1:js555LuvpznFxCkbRnDA1bS3mce9Art8xkaMRm8bAv4=
github.com/mr-panta/go-logger v0.2.0/go.mod h1:no6zubQjADjB0KyPPtEubDaNXkreMCrRHWL73PWDRr4=
github.com/mr-panta/go-logger v0.3.0 h1:TCPxi0tO5rDvjpZmtNyltaIfhlaRez0eulwLCsnJt9U=
github.com/mr-panta/go-logger v0.3.0/go.mod h1:no6zubQjADjB0KyPPtEubDaNXkreMCrRHWL73PWDRr4=
github.com/mr-panta/go-logger v0.3.1 h1:immjOPa2dS8EAgPdkyVA1QQv7PcmbNfRxtjETqcrm68=
github.com/mr-panta/go-logger v0.3.1/go.mod h1:no6zubQjADjB0KyPPtEubDaNXkreMCrRHWL73PWDRr4=
github.com/mr-panta/go-logger v0.3.2 h1:xcyB/TN+lDl7nulfFJG6wWHQWufxgGCg/zy1Jh+hOsQ=
github.com/mr-panta/go-logger v0.3.2/go.mod h1:no6zubQjADjB0KyPPtEubDaNXkreMCrRHWL73PWDRr4=
github.com/mr-panta/go-tcpclient v0.1.2 h1:sLRcWrpKvimE5vMoXiZpJ2eA6BBeCB/7XC9kCVYmpuc=
github.com/mr-panta/go-tcpclient v0.1.2/go.mod h1:GKizi5C3qW+t0c9MHVX9VCbWIgGNW+qWrmPTsbTUsSE=
github.com/mr-panta/go-tcpclient v0.2.0 h1:isWIMVvhKj33gA1TfKNYVpzOeibaM0oh0bWUMIdZLt4=
github.com/mr-panta/go-tcpclient v0.2.0/go.mod h1:GKizi5C3qW+t0c9MHVX9VCbWIgGNW+qWrmPTsbTUsSE=
github.com/mr-panta/go-tcpclient v0.3.0 h1:x6HyBYDxok/1qs5eAxzo6mHJWTjrogS3LGJLXhEvolI=
github.com/mr-panta/go-tcpclient v0.3.0/go.mod h1:OZeSqYcejEel3Pg+FHOvJjRRFm6Qn+wN4dElsLjF9/A=
github.com/mr-panta/go-tcpclient v0.3.1 h1:/A0JI6EaCJszjXHJrAe2hOyg02baVdu3SgkrLkuC49E=
github.com/mr-panta/go-tcpclient v0.3.1/go.mod h1:OZeSqYcejEel3Pg+FHOvJjRRFm6Qn+wN4dElsLjF9/A=
github.com/mr-panta/go-tcpclient v0.3.2 h1:nj2nCDCcTJ/zGW9Gq9esWwx6ntzOE5fGzFz1B/4E1Ss=
github.com/mr-panta/go-tcpclient v0.3.2/go.mod h1:OZeSqYcejEel3Pg+FHOvJjRRFm6Qn+wN4dElsLjF9/A=
github.com/mr-panta/go-tcpclient v0.3.3 h1:88s50vRmubOaOWw4YqxB/dpWQudmClYWAz4yaNKI2BY=
github.com/mr-panta/go-tcpclient v0.3.3/go.mod h1:OZeSqYcejEel3Pg+FHOvJjRRFm6Qn+wN4dElsLjF9/A=
github.com/mr-panta/go-tcpclient v0.4.0 h1:XAIzbgwp/QBz1WQKcwMpfy3nL/lUC2PxGZN3uAoOA30=
github.com/mr-panta/go-tcpclient v0.4.0/go.mod h1:OZeSqYcejEel3Pg+FHOvJjRRFm6Qn+wN4dElsLjF9/A=
github.com/mr-panta/go-tcpclient v0.5.0 h1:S2SsXL2ih8EuvhzhRFqkwVpKl0EAaXB23IY+HOEgu0U=
github.com/mr-panta/go-tcpclient v0.5.0/go.mod h1:OZeSqYcejEel3Pg+FHOvJjRRFm6Qn+wN4dElsLjF9/A=
github.com/mr-panta/go-tcpclient v0.5.1 h1:49GTwcPjUe9VQV1olUtxzsX1VrypkdlLVFu90h7Kps8=
github.com/mr-panta/go-tcpclient v0.5.1/go.mod h1:OZeSqYcejEel3Pg+FHOvJjRRFm6Qn+wN4dElsLjF9/A=
golang.org/x/sys v0.0.0-20190215142949-d0b11bdaac8a/go.mod h1:STP8DvDyc/dI5b8T5hshtkjS+E42TnysNCUPdjciGhY=
golang.org/x/sys v0.0.0-20190916202348-b4ddaad3f8a3/go.mod h1:h1NjWce9XRLGQEsW7wpKNCjG9DtNlClVuFLEZdDNbEs=
golang.org/x/sys v0.0.0-20190919044723-0c1ff786ef13/go.mod h1:h1NjWce9XRLGQEsW7wpKNCjG9DtNlClVuFLEZdDNbEs=
golang.org/x/sys v0.0.0-20190920190810-ef0ce1748380/go.mod h1:h1NjWce9XRLGQEsW7wpKNCjG9DtNlClVuFLEZdDNbEs=
golang.org/x/sys v0.0.0-20190921190940-14da1ac737cc/go.mod h1:h1NjWce9XRLGQEsW7wpKNCjG9DtNlClVuFLEZdDNbEs=
