github.com/golang/protobuf v1.3.2 h1:6nsPYzhq5kReh6QImI3k5qWzO4PEbvbIW2cwSfR/6xs=
github.com/golang/protobuf v1.3.2/go.mod h1:6lQm79b+lXiMfvg/cZm0SGofjICqVBUtrP5yJMmIC1U=
github.com/mr-panta/go-logger v0.3.2 h1:xcyB/TN+lDl7nulfFJG6wWHQWufxgGCg/zy1Jh+hOsQ=
github.com/mr-panta/go-logger v0.3.2/go.mod h1:no6zubQjADjB0KyPPtEubDaNXkreMCrRHWL73PWDRr4=
github.com/mr-panta/rpc-pool v0.0.1 h1:U0EskPlkWJKFGsElDkzZvQob1eiiNxLVkZKBxrzVlD4=
github.com/mr-panta/rpc-pool v0.0.1/go.mod h1:TfdJIADGeD2IyvGgAgIPVOxgpYkYud5RSLvZlZsvXA8=
